
Microsoft Visual Studio Solution File, Format Version 12.00
# Visual Studio 15
VisualStudioVersion = 15.0.28307.705
MinimumVisualStudioVersion = 10.0.40219.1
Project("{FAE04EC0-301F-11D3-BF4B-00C04F79EFBC}") = "Week09", "Week09\Week09.csproj", "{FEAC6A40-C61A-4A38-9C1B-49A68FC00773}"
EndProject
Project("{FAE04EC0-301F-11D3-BF4B-00C04F79EFBC}") = "SummaryPublisherApp", "SummaryPublisherApp\SummaryPublisherApp.csproj", "{D1AE3AEC-25B5-4EC3-997F-9D921C2CBE4F}"
EndProject
Project("{FAE04EC0-301F-11D3-BF4B-00C04F79EFBC}") = "CrudBookApp", "CrudBookApp\CrudBookApp.csproj", "{06A24A34-F75D-4283-A111-5244D05B612A}"
EndProject
Global
	GlobalSection(SolutionConfigurationPlatforms) = preSolution
		Debug|Any CPU = Debug|Any CPU
		Release|Any CPU = Release|Any CPU
	EndGlobalSection
	GlobalSection(ProjectConfigurationPlatforms) = postSolution
		{FEAC6A40-C61A-4A38-9C1B-49A68FC00773}.Debug|Any CPU.ActiveCfg = Debug|Any CPU
		{FEAC6A40-C61A-4A38-9C1B-49A68FC00773}.Debug|Any CPU.Build.0 = Debug|Any CPU
		{FEAC6A40-C61A-4A38-9C1B-49A68FC00773}.Release|Any CPU.ActiveCfg = Release|Any CPU
		{FEAC6A40-C61A-4A38-9C1B-49A68FC00773}.Release|Any CPU.Build.0 = Release|Any CPU
		{D1AE3AEC-25B5-4EC3-997F-9D921C2CBE4F}.Debug|Any CPU.ActiveCfg = Debug|Any CPU
		{D1AE3AEC-25B5-4EC3-997F-9D921C2CBE4F}.Debug|Any CPU.Build.0 = Debug|Any CPU
		{D1AE3AEC-25B5-4EC3-997F-9D921C2CBE4F}.Release|Any CPU.ActiveCfg = Release|Any CPU
		{D1AE3AEC-25B5-4EC3-997F-9D921C2CBE4F}.Release|Any CPU.Build.0 = Release|Any CPU
		{06A24A34-F75D-4283-A111-5244D05B612A}.Debug|Any CPU.ActiveCfg = Debug|Any CPU
		{06A24A34-F75D-4283-A111-5244D05B612A}.Debug|Any CPU.Build.0 = Debug|Any CPU
		{06A24A34-F75D-4283-A111-5244D05B612A}.Release|Any CPU.ActiveCfg = Release|Any CPU
		{06A24A34-F75D-4283-A111-5244D05B612A}.Release|Any CPU.Build.0 = Release|Any CPU
	EndGlobalSection
	GlobalSection(SolutionProperties) = preSolution
		HideSolutionNode = FALSE
	EndGlobalSection
	GlobalSection(ExtensibilityGlobals) = postSolution
		SolutionGuid = {8E7E30F6-EF9A-4DCD-A3F5-E8FB034F252F}
	EndGlobalSection
EndGlobal
